// !$*UTF8*$!
{
	archiveVersion = 1;
	classes = {
	};
	objectVersion = 46;
	objects = {

/* Begin PBXBuildFile section */
		085C30971B324FAA007AA4AD /* SelectTagViewController.swift in Sources */ = {isa = PBXBuildFile; fileRef = 085C30961B324FAA007AA4AD /* SelectTagViewController.swift */; };
		08B0FAAA1B30B55000AE1F87 /* AppDelegate.swift in Sources */ = {isa = PBXBuildFile; fileRef = 08B0FAA91B30B55000AE1F87 /* AppDelegate.swift */; };
		08B0FAAC1B30B55000AE1F87 /* ViewController.swift in Sources */ = {isa = PBXBuildFile; fileRef = 08B0FAAB1B30B55000AE1F87 /* ViewController.swift */; };
		08B0FAAF1B30B55000AE1F87 /* Main.storyboard in Resources */ = {isa = PBXBuildFile; fileRef = 08B0FAAD1B30B55000AE1F87 /* Main.storyboard */; };
		08B0FAB11B30B55000AE1F87 /* Images.xcassets in Resources */ = {isa = PBXBuildFile; fileRef = 08B0FAB01B30B55000AE1F87 /* Images.xcassets */; };
		08B0FAB41B30B55000AE1F87 /* LaunchScreen.xib in Resources */ = {isa = PBXBuildFile; fileRef = 08B0FAB21B30B55000AE1F87 /* LaunchScreen.xib */; };
		08B0FAC01B30B55000AE1F87 /* ForerunnerTests.swift in Sources */ = {isa = PBXBuildFile; fileRef = 08B0FABF1B30B55000AE1F87 /* ForerunnerTests.swift */; };
		08B0FACA1B30CF8500AE1F87 /* SelectDistanceViewController.swift in Sources */ = {isa = PBXBuildFile; fileRef = 08B0FAC91B30CF8500AE1F87 /* SelectDistanceViewController.swift */; };
/* End PBXBuildFile section */

/* Begin PBXContainerItemProxy section */
		08B0FABA1B30B55000AE1F87 /* PBXContainerItemProxy */ = {
			isa = PBXContainerItemProxy;
			containerPortal = 08B0FA9C1B30B55000AE1F87 /* Project object */;
			proxyType = 1;
			remoteGlobalIDString = 08B0FAA31B30B55000AE1F87;
			remoteInfo = Forerunner;
		};
/* End PBXContainerItemProxy section */

/* Begin PBXFileReference section */
		085C30961B324FAA007AA4AD /* SelectTagViewController.swift */ = {isa = PBXFileReference; fileEncoding = 4; lastKnownFileType = sourcecode.swift; path = SelectTagViewController.swift; sourceTree = "<group>"; };
		08B0FAA41B30B55000AE1F87 /* Forerunner.app */ = {isa = PBXFileReference; explicitFileType = wrapper.application; includeInIndex = 0; path = Forerunner.app; sourceTree = BUILT_PRODUCTS_DIR; };
		08B0FAA81B30B55000AE1F87 /* Info.plist */ = {isa = PBXFileReference; lastKnownFileType = text.plist.xml; path = Info.plist; sourceTree = "<group>"; };
		08B0FAA91B30B55000AE1F87 /* AppDelegate.swift */ = {isa = PBXFileReference; lastKnownFileType = sourcecode.swift; path = AppDelegate.swift; sourceTree = "<group>"; };
		08B0FAAB1B30B55000AE1F87 /* ViewController.swift */ = {isa = PBXFileReference; lastKnownFileType = sourcecode.swift; path = ViewController.swift; sourceTree = "<group>"; };
		08B0FAAE1B30B55000AE1F87 /* Base */ = {isa = PBXFileReference; lastKnownFileType = file.storyboard; name = Base; path = Base.lproj/Main.storyboard; sourceTree = "<group>"; };
		08B0FAB01B30B55000AE1F87 /* Images.xcassets */ = {isa = PBXFileReference; lastKnownFileType = folder.assetcatalog; path = Images.xcassets; sourceTree = "<group>"; };
		08B0FAB31B30B55000AE1F87 /* Base */ = {isa = PBXFileReference; lastKnownFileType = file.xib; name = Base; path = Base.lproj/LaunchScreen.xib; sourceTree = "<group>"; };
		08B0FAB91B30B55000AE1F87 /* ForerunnerTests.xctest */ = {isa = PBXFileReference; explicitFileType = wrapper.cfbundle; includeInIndex = 0; path = ForerunnerTests.xctest; sourceTree = BUILT_PRODUCTS_DIR; };
		08B0FABE1B30B55000AE1F87 /* Info.plist */ = {isa = PBXFileReference; lastKnownFileType = text.plist.xml; path = Info.plist; sourceTree = "<group>"; };
		08B0FABF1B30B55000AE1F87 /* ForerunnerTests.swift */ = {isa = PBXFileReference; lastKnownFileType = sourcecode.swift; path = ForerunnerTests.swift; sourceTree = "<group>"; };
		08B0FAC91B30CF8500AE1F87 /* SelectDistanceViewController.swift */ = {isa = PBXFileReference; fileEncoding = 4; lastKnownFileType = sourcecode.swift; path = SelectDistanceViewController.swift; sourceTree = "<group>"; };
/* End PBXFileReference section */

/* Begin PBXFrameworksBuildPhase section */
		08B0FAA11B30B55000AE1F87 /* Frameworks */ = {
			isa = PBXFrameworksBuildPhase;
			buildActionMask = 2147483647;
			files = (
			);
			runOnlyForDeploymentPostprocessing = 0;
		};
		08B0FAB61B30B55000AE1F87 /* Frameworks */ = {
			isa = PBXFrameworksBuildPhase;
			buildActionMask = 2147483647;
			files = (
			);
			runOnlyForDeploymentPostprocessing = 0;
		};
/* End PBXFrameworksBuildPhase section */

/* Begin PBXGroup section */
		08B0FA9B1B30B55000AE1F87 = {
			isa = PBXGroup;
			children = (
				08B0FAA61B30B55000AE1F87 /* Forerunner */,
				08B0FABC1B30B55000AE1F87 /* ForerunnerTests */,
				08B0FAA51B30B55000AE1F87 /* Products */,
			);
			sourceTree = "<group>";
		};
		08B0FAA51B30B55000AE1F87 /* Products */ = {
			isa = PBXGroup;
			children = (
				08B0FAA41B30B55000AE1F87 /* Forerunner.app */,
				08B0FAB91B30B55000AE1F87 /* ForerunnerTests.xctest */,
			);
			name = Products;
			sourceTree = "<group>";
		};
		08B0FAA61B30B55000AE1F87 /* Forerunner */ = {
			isa = PBXGroup;
			children = (
				08B0FAA91B30B55000AE1F87 /* AppDelegate.swift */,
				08B0FAAB1B30B55000AE1F87 /* ViewController.swift */,
				08B0FAC91B30CF8500AE1F87 /* SelectDistanceViewController.swift */,
				085C30961B324FAA007AA4AD /* SelectTagViewController.swift */,
				08B0FAAD1B30B55000AE1F87 /* Main.storyboard */,
				08B0FAB01B30B55000AE1F87 /* Images.xcassets */,
				08B0FAB21B30B55000AE1F87 /* LaunchScreen.xib */,
				08B0FAA71B30B55000AE1F87 /* Supporting Files */,
			);
			path = Forerunner;
			sourceTree = "<group>";
		};
		08B0FAA71B30B55000AE1F87 /* Supporting Files */ = {
			isa = PBXGroup;
			children = (
				08B0FAA81B30B55000AE1F87 /* Info.plist */,
			);
			name = "Supporting Files";
			sourceTree = "<group>";
		};
		08B0FABC1B30B55000AE1F87 /* ForerunnerTests */ = {
			isa = PBXGroup;
			children = (
				08B0FABF1B30B55000AE1F87 /* ForerunnerTests.swift */,
				08B0FABD1B30B55000AE1F87 /* Supporting Files */,
			);
			path = ForerunnerTests;
			sourceTree = "<group>";
		};
		08B0FABD1B30B55000AE1F87 /* Supporting Files */ = {
			isa = PBXGroup;
			children = (
				08B0FABE1B30B55000AE1F87 /* Info.plist */,
			);
			name = "Supporting Files";
			sourceTree = "<group>";
		};
/* End PBXGroup section */

/* Begin PBXNativeTarget section */
		08B0FAA31B30B55000AE1F87 /* Forerunner */ = {
			isa = PBXNativeTarget;
			buildConfigurationList = 08B0FAC31B30B55000AE1F87 /* Build configuration list for PBXNativeTarget "Forerunner" */;
			buildPhases = (
				08B0FAA01B30B55000AE1F87 /* Sources */,
				08B0FAA11B30B55000AE1F87 /* Frameworks */,
				08B0FAA21B30B55000AE1F87 /* Resources */,
			);
			buildRules = (
			);
			dependencies = (
			);
			name = Forerunner;
			productName = Forerunner;
			productReference = 08B0FAA41B30B55000AE1F87 /* Forerunner.app */;
			productType = "com.apple.product-type.application";
		};
		08B0FAB81B30B55000AE1F87 /* ForerunnerTests */ = {
			isa = PBXNativeTarget;
			buildConfigurationList = 08B0FAC61B30B55000AE1F87 /* Build configuration list for PBXNativeTarget "ForerunnerTests" */;
			buildPhases = (
				08B0FAB51B30B55000AE1F87 /* Sources */,
				08B0FAB61B30B55000AE1F87 /* Frameworks */,
				08B0FAB71B30B55000AE1F87 /* Resources */,
			);
			buildRules = (
			);
			dependencies = (
				08B0FABB1B30B55000AE1F87 /* PBXTargetDependency */,
			);
			name = ForerunnerTests;
			productName = ForerunnerTests;
			productReference = 08B0FAB91B30B55000AE1F87 /* ForerunnerTests.xctest */;
			productType = "com.apple.product-type.bundle.unit-test";
		};
/* End PBXNativeTarget section */

/* Begin PBXProject section */
		08B0FA9C1B30B55000AE1F87 /* Project object */ = {
			isa = PBXProject;
			attributes = {
				LastUpgradeCheck = 0630;
				ORGANIZATIONNAME = "Kevin Bastien";
				TargetAttributes = {
					08B0FAA31B30B55000AE1F87 = {
						CreatedOnToolsVersion = 6.3.1;
					};
					08B0FAB81B30B55000AE1F87 = {
						CreatedOnToolsVersion = 6.3.1;
						TestTargetID = 08B0FAA31B30B55000AE1F87;
					};
				};
			};
			buildConfigurationList = 08B0FA9F1B30B55000AE1F87 /* Build configuration list for PBXProject "Forerunner" */;
			compatibilityVersion = "Xcode 3.2";
			developmentRegion = English;
			hasScannedForEncodings = 0;
			knownRegions = (
				en,
				Base,
			);
			mainGroup = 08B0FA9B1B30B55000AE1F87;
			productRefGroup = 08B0FAA51B30B55000AE1F87 /* Products */;
			projectDirPath = "";
			projectRoot = "";
			targets = (
				08B0FAA31B30B55000AE1F87 /* Forerunner */,
				08B0FAB81B30B55000AE1F87 /* ForerunnerTests */,
			);
		};
/* End PBXProject section */

/* Begin PBXResourcesBuildPhase section */
		08B0FAA21B30B55000AE1F87 /* Resources */ = {
			isa = PBXResourcesBuildPhase;
			buildActionMask = 2147483647;
			files = (
				08B0FAAF1B30B55000AE1F87 /* Main.storyboard in Resources */,
				08B0FAB41B30B55000AE1F87 /* LaunchScreen.xib in Resources */,
				08B0FAB11B30B55000AE1F87 /* Images.xcassets in Resources */,
			);
			runOnlyForDeploymentPostprocessing = 0;
		};
		08B0FAB71B30B55000AE1F87 /* Resources */ = {
			isa = PBXResourcesBuildPhase;
			buildActionMask = 2147483647;
			files = (
			);
			runOnlyForDeploymentPostprocessing = 0;
		};
/* End PBXResourcesBuildPhase section */

/* Begin PBXSourcesBuildPhase section */
		08B0FAA01B30B55000AE1F87 /* Sources */ = {
			isa = PBXSourcesBuildPhase;
			buildActionMask = 2147483647;
			files = (
				08B0FAAC1B30B55000AE1F87 /* ViewController.swift in Sources */,
				08B0FACA1B30CF8500AE1F87 /* SelectDistanceViewController.swift in Sources */,
				08B0FAAA1B30B55000AE1F87 /* AppDelegate.swift in Sources */,
				085C30971B324FAA007AA4AD /* SelectTagViewController.swift in Sources */,
			);
			runOnlyForDeploymentPostprocessing = 0;
		};
		08B0FAB51B30B55000AE1F87 /* Sources */ = {
			isa = PBXSourcesBuildPhase;
			buildActionMask = 2147483647;
			files = (
				08B0FAC01B30B55000AE1F87 /* ForerunnerTests.swift in Sources */,
			);
			runOnlyForDeploymentPostprocessing = 0;
		};
/* End PBXSourcesBuildPhase section */

/* Begin PBXTargetDependency section */
		08B0FABB1B30B55000AE1F87 /* PBXTargetDependency */ = {
			isa = PBXTargetDependency;
			target = 08B0FAA31B30B55000AE1F87 /* Forerunner */;
			targetProxy = 08B0FABA1B30B55000AE1F87 /* PBXContainerItemProxy */;
		};
/* End PBXTargetDependency section */

/* Begin PBXVariantGroup section */
		08B0FAAD1B30B55000AE1F87 /* Main.storyboard */ = {
			isa = PBXVariantGroup;
			children = (
				08B0FAAE1B30B55000AE1F87 /* Base */,
			);
			name = Main.storyboard;
			sourceTree = "<group>";
		};
		08B0FAB21B30B55000AE1F87 /* LaunchScreen.xib */ = {
			isa = PBXVariantGroup;
			children = (
				08B0FAB31B30B55000AE1F87 /* Base */,
			);
			name = LaunchScreen.xib;
			sourceTree = "<group>";
		};
/* End PBXVariantGroup section */

/* Begin XCBuildConfiguration section */
		08B0FAC11B30B55000AE1F87 /* Debug */ = {
			isa = XCBuildConfiguration;
			buildSettings = {
				ALWAYS_SEARCH_USER_PATHS = NO;
				CLANG_CXX_LANGUAGE_STANDARD = "gnu++0x";
				CLANG_CXX_LIBRARY = "libc++";
				CLANG_ENABLE_MODULES = YES;
				CLANG_ENABLE_OBJC_ARC = YES;
				CLANG_WARN_BOOL_CONVERSION = YES;
				CLANG_WARN_CONSTANT_CONVERSION = YES;
				CLANG_WARN_DIRECT_OBJC_ISA_USAGE = YES_ERROR;
				CLANG_WARN_EMPTY_BODY = YES;
				CLANG_WARN_ENUM_CONVERSION = YES;
				CLANG_WARN_INT_CONVERSION = YES;
				CLANG_WARN_OBJC_ROOT_CLASS = YES_ERROR;
				CLANG_WARN_UNREACHABLE_CODE = YES;
				CLANG_WARN__DUPLICATE_METHOD_MATCH = YES;
				"CODE_SIGN_IDENTITY[sdk=iphoneos*]" = "iPhone Developer";
				COPY_PHASE_STRIP = NO;
				DEBUG_INFORMATION_FORMAT = "dwarf-with-dsym";
				ENABLE_STRICT_OBJC_MSGSEND = YES;
				GCC_C_LANGUAGE_STANDARD = gnu99;
				GCC_DYNAMIC_NO_PIC = NO;
				GCC_NO_COMMON_BLOCKS = YES;
				GCC_OPTIMIZATION_LEVEL = 0;
				GCC_PREPROCESSOR_DEFINITIONS = (
					"DEBUG=1",
					"$(inherited)",
				);
				GCC_SYMBOLS_PRIVATE_EXTERN = NO;
				GCC_WARN_64_TO_32_BIT_CONVERSION = YES;
				GCC_WARN_ABOUT_RETURN_TYPE = YES_ERROR;
				GCC_WARN_UNDECLARED_SELECTOR = YES;
				GCC_WARN_UNINITIALIZED_AUTOS = YES_AGGRESSIVE;
				GCC_WARN_UNUSED_FUNCTION = YES;
				GCC_WARN_UNUSED_VARIABLE = YES;
				IPHONEOS_DEPLOYMENT_TARGET = 8.3;
				MTL_ENABLE_DEBUG_INFO = YES;
				ONLY_ACTIVE_ARCH = YES;
				SDKROOT = iphoneos;
				SWIFT_OPTIMIZATION_LEVEL = "-Onone";
			};
			name = Debug;
		};
		08B0FAC21B30B55000AE1F87 /* Release */ = {
			isa = XCBuildConfiguration;
			buildSettings = {
				ALWAYS_SEARCH_USER_PATHS = NO;
				CLANG_CXX_LANGUAGE_STANDARD = "gnu++0x";
				CLANG_CXX_LIBRARY = "libc++";
				CLANG_ENABLE_MODULES = YES;
				CLANG_ENABLE_OBJC_ARC = YES;
				CLANG_WARN_BOOL_CONVERSION = YES;
				CLANG_WARN_CONSTANT_CONVERSION = YES;
				CLANG_WARN_DIRECT_OBJC_ISA_USAGE = YES_ERROR;
				CLANG_WARN_EMPTY_BODY = YES;
				CLANG_WARN_ENUM_CONVERSION = YES;
				CLANG_WARN_INT_CONVERSION = YES;
				CLANG_WARN_OBJC_ROOT_CLASS = YES_ERROR;
				CLANG_WARN_UNREACHABLE_CODE = YES;
				CLANG_WARN__DUPLICATE_METHOD_MATCH = YES;
				"CODE_SIGN_IDENTITY[sdk=iphoneos*]" = "iPhone Developer";
				COPY_PHASE_STRIP = NO;
				DEBUG_INFORMATION_FORMAT = "dwarf-with-dsym";
				ENABLE_NS_ASSERTIONS = NO;
				ENABLE_STRICT_OBJC_MSGSEND = YES;
				GCC_C_LANGUAGE_STANDARD = gnu99;
				GCC_NO_COMMON_BLOCKS = YES;
				GCC_WARN_64_TO_32_BIT_CONVERSION = YES;
				GCC_WARN_ABOUT_RETURN_TYPE = YES_ERROR;
				GCC_WARN_UNDECLARED_SELECTOR = YES;
				GCC_WARN_UNINITIALIZED_AUTOS = YES_AGGRESSIVE;
				GCC_WARN_UNUSED_FUNCTION = YES;
				GCC_WARN_UNUSED_VARIABLE = YES;
				IPHONEOS_DEPLOYMENT_TARGET = 8.3;
				MTL_ENABLE_DEBUG_INFO = NO;
				SDKROOT = iphoneos;
				VALIDATE_PRODUCT = YES;
			};
			name = Release;
		};
		08B0FAC41B30B55000AE1F87 /* Debug */ = {
			isa = XCBuildConfiguration;
			buildSettings = {
				ASSETCATALOG_COMPILER_APPICON_NAME = AppIcon;
				INFOPLIST_FILE = Forerunner/Info.plist;
				LD_RUNPATH_SEARCH_PATHS = "$(inherited) @executable_path/Frameworks";
				PRODUCT_NAME = "$(TARGET_NAME)";
			};
			name = Debug;
		};
		08B0FAC51B30B55000AE1F87 /* Release */ = {
			isa = XCBuildConfiguration;
			buildSettings = {
				ASSETCATALOG_COMPILER_APPICON_NAME = AppIcon;
				INFOPLIST_FILE = Forerunner/Info.plist;
				LD_RUNPATH_SEARCH_PATHS = "$(inherited) @executable_path/Frameworks";
				PRODUCT_NAME = "$(TARGET_NAME)";
			};
			name = Release;
		};
		08B0FAC71B30B55000AE1F87 /* Debug */ = {
			isa = XCBuildConfiguration;
			buildSettings = {
				BUNDLE_LOADER = "$(TEST_HOST)";
				FRAMEWORK_SEARCH_PATHS = (
					"$(SDKROOT)/Developer/Library/Frameworks",
					"$(inherited)",
				);
				GCC_PREPROCESSOR_DEFINITIONS = (
					"DEBUG=1",
					"$(inherited)",
				);
				INFOPLIST_FILE = ForerunnerTests/Info.plist;
				LD_RUNPATH_SEARCH_PATHS = "$(inherited) @executable_path/Frameworks @loader_path/Frameworks";
				PRODUCT_NAME = "$(TARGET_NAME)";
				TEST_HOST = "$(BUILT_PRODUCTS_DIR)/Forerunner.app/Forerunner";
			};
			name = Debug;
		};
		08B0FAC81B30B55000AE1F87 /* Release */ = {
			isa = XCBuildConfiguration;
			buildSettings = {
				BUNDLE_LOADER = "$(TEST_HOST)";
				FRAMEWORK_SEARCH_PATHS = (
					"$(SDKROOT)/Developer/Library/Frameworks",
					"$(inherited)",
				);
				INFOPLIST_FILE = ForerunnerTests/Info.plist;
				LD_RUNPATH_SEARCH_PATHS = "$(inherited) @executable_path/Frameworks @loader_path/Frameworks";
				PRODUCT_NAME = "$(TARGET_NAME)";
				TEST_HOST = "$(BUILT_PRODUCTS_DIR)/Forerunner.app/Forerunner";
			};
			name = Release;
		};
/* End XCBuildConfiguration section */

/* Begin XCConfigurationList section */
		08B0FA9F1B30B55000AE1F87 /* Build configuration list for PBXProject "Forerunner" */ = {
			isa = XCConfigurationList;
			buildConfigurations = (
				08B0FAC11B30B55000AE1F87 /* Debug */,
				08B0FAC21B30B55000AE1F87 /* Release */,
			);
			defaultConfigurationIsVisible = 0;
			defaultConfigurationName = Release;
		};
		08B0FAC31B30B55000AE1F87 /* Build configuration list for PBXNativeTarget "Forerunner" */ = {
			isa = XCConfigurationList;
			buildConfigurations = (
				08B0FAC41B30B55000AE1F87 /* Debug */,
				08B0FAC51B30B55000AE1F87 /* Release */,
			);
			defaultConfigurationIsVisible = 0;
			defaultConfigurationName = Release;
		};
		08B0FAC61B30B55000AE1F87 /* Build configuration list for PBXNativeTarget "ForerunnerTests" */ = {
			isa = XCConfigurationList;
			buildConfigurations = (
				08B0FAC71B30B55000AE1F87 /* Debug */,
				08B0FAC81B30B55000AE1F87 /* Release */,
			);
			defaultConfigurationIsVisible = 0;
			defaultConfigurationName = Release;
		};
/* End XCConfigurationList section */
	};
	rootObject = 08B0FA9C1B30B55000AE1F87 /* Project object */;
}
